github.com/go-stack/stack v1.8.1 h1:ntEHSVwIt7PNXNpgPmVfMrNhLtgjlmnZha2kOpuRiDw=
github.com/go-stack/stack v1.8.1/go.mod h1:dcoOX6HbPZSZptuspn9bctJ+N/CnF5gGygcUP3XYfe4=
github.com/google/go-cmp v0.7.0 h1:wk8382ETsv4JYUZwIsn6YpYiWiBsYLSJiTsyBybVuN8=
github.com/google/go-cmp v0.7.0/go.mod h1:pXiqmnSA92OHEEa9HXL2W4E7lf9JzCmGVUdgjX3N/iU=
github.com/hako/durafmt v0.0.0-20210608085754-5c1018a4e16b h1:wDUNC2eKiL35DbLvsDhiblTUXHxcOPwQSCzi7xpQUN4=
github.com/hako/durafmt v0.0.0-20210608085754-5c1018a4e16b/go.mod h1:VzxiSdG6j1pi7rwGm/xYI5RbtpBgM8sARDXlvEvxlu0=
github.com/lrstanley/girc v1.1.1 h1:0Y8a2tqQGDeFXfBQkAYOu5DbWqlydCJsi+4N+td4azk=
github.com/lrstanley/girc v1.1.1/go.mod h1:lgrnhcF8bg/Bd5HA5DOb4Z+uGqUqGnp4skr+J2GwVgI=
github.com/mattn/go-colorable v0.1.14 h1:9A9LHSqF/7dyVVX6g0U9cwm9pG3kP9gSzcuIPHPsaIE=
github.com/mattn/go-colorable v0.1.14/go.mod h1:6LmQG8QLFO4G5z1gPvYEzlUgJ2wF+stgPZH1UqBm1s8=
github.com/mattn/go-isatty v0.0.20 h1:xfD0iDuEKnDkl03q4limB+vH+GxLEtL/jb4xVJSWWEY=
github.com/mattn/go-isatty v0.0.20/go.mod h1:W+V8PltTTMOvKvAeJH7IuucS94S2C6jfK/D7dTCTo3Y=
github.com/paulmach/orb v0.13.0 h1:r7n7mQGGF+cj/CbcivEj9J3HGK+XR+yXnvzRdq9saIw=
github.com/paulmach/orb v0.13.0/go.mod h1:6scRWINywA2Jf05dcjOfLfxrUIMECvTSG2MVbRLxu/k=
github.com/ringsaturn/go-cities.json v0.6.13 h1:p5afPcJ/tEE6uzFCOzLSHJYXgWnGdPmwZB9KBrEASxc=
github.com/ringsaturn/go-cities.json v0.6.13/go.mod h1:VtklT4Sod9i6kvXXNZV63sfjeCX9l11OQfaAvPu+p4M=
github.com/ringsaturn/tzf v1.2.3 h1:iuEMZIgzo5pg5Q2vUIM274cjmvp8wI4/q7Ic7hReJxY=
github.com/ringsaturn/tzf v1.2.3/go.mod h1:beR4RQuMSnTxLZBDwIb2zCNtOKrfj3fdqr5vAd5/yzg=
github.com/ringsaturn/tzf-dist v0.0.2026-c-fix1 h1:GPSbb2L+LSfEvrMXAC25VT0n+MMk80W+qnUpnIA48TI=
github.com/ringsaturn/tzf-dist v0.0.2026-c-fix1/go.mod h1:MLn3mRLioai5ceZLV8k+uAr4cLxdVEHoTQIGKpuVS/c=
github.com/tidwall/cities v0.1.0 h1:CVNkmMf7NEC9Bvokf5GoSsArHCKRMTgLuubRTHnH0mE=
github.com/tidwall/cities v0.1.0/go.mod h1:lV/HDp2gCcRcHJWqgt6Di54GiDrTZwh1aG2ZUPNbqa4=
github.com/tidwall/geoindex v1.7.0 h1:jtk41sfgwIt8MEDyC3xyKSj75iXXf6rjReJGDNPtR5o=
github.com/tidwall/geoindex v1.7.0/go.mod h1:rvVVNEFfkJVWGUdEfU8QaoOg/9zFX0h9ofWzA60mz1I=
github.com/tidwall/lotsa v1.0.2 h1:dNVBH5MErdaQ/xd9s769R31/n2dXavsQ0Yf4TMEHHw8=
github.com/tidwall/lotsa v1.0.2/go.mod h1:X6NiU+4yHA3fE3Puvpnn1XMDrFZrE9JO2/w+UMuqgR8=
github.com/tidwall/rtree v1.10.0 h1:+EcI8fboEaW1L3/9oW/6AMoQ8HiEIHyR7bQOGnmz4Mg=
github.com/tidwall/rtree v1.10.0/go.mod h1:iDJQ9NBRtbfKkzZu02za+mIlaP+bjYPnunbSNidpbCQ=
golang.org/x/sys v0.6.0/go.mod h1:oPkhp1MJrh7nUepCBck5+mAzfO9JrbApNNgaTdGDITg=
golang.org/x/sys v0.39.0 h1:CvCKL8MeisomCi6qNZ+wbb0DN9E5AATixKsvNtMoMFk=
golang.org/x/sys v0.39.0/go.mod h1:OgkHotnGiDImocRcuBABYBEXf8A9a87e/uXjp9XT3ks=
golang.org/x/term v0.38.0 h1:PQ5pkm/rLO6HnxFR7N2lJHOZX6Kez5Y1gDSJla6jo7Q=
golang.org/x/term v0.38.0/go.mod h1:bSEAKrOT1W+VSu9TSCMtoGEOUcKxOKgl3LE5QEF/xVg=
google.golang.org/protobuf v1.36.11 h1:fV6ZwhNocDyBLK0dj+fg8ektcVegBBuEolpbTQyBNVE=
google.golang.org/protobuf v1.36.11/go.mod h1:HTf+CrKn2C3g5S8VImy6tdcUvCska2kB7j23XfzDpco=
gopkg.in/inconshreveable/log15.v2 v2.16.0 h1:LWHLVX8KbBMkQFSqfno4901Z4Wg8L3B7Cu0n4K/Q7MA=
gopkg.in/inconshreveable/log15.v2 v2.16.0/go.mod h1:aPpfJ7XW+gOuirDoZ8gHhLh3kZ1B08FtV2bbmy7Jv3s=
